// !$*UTF8*$!
{
	archiveVersion = 1;
	classes = {
	};
	objectVersion = 50;
	objects = {

/* Begin PBXBuildFile section */
		24937414B6D5C62A06D0D3E8 /* Pods_Alamofire__UITests.framework in Frameworks */ = {isa = PBXBuildFile; fileRef = CF4D4F404EC18303060C4870 /* Pods_Alamofire__UITests.framework */; };
		D22CAC954A6DB6191D48B9F3 /* Pods_Alamofire__Tests.framework in Frameworks */ = {isa = PBXBuildFile; fileRef = 14F8242E83D8CF67AD1AAF70 /* Pods_Alamofire__Tests.framework */; };
		DD6D1B872439754900E7A28F /* AppDelegate.swift in Sources */ = {isa = PBXBuildFile; fileRef = DD6D1B862439754900E7A28F /* AppDelegate.swift */; };
		DD6D1B892439754900E7A28F /* SceneDelegate.swift in Sources */ = {isa = PBXBuildFile; fileRef = DD6D1B882439754900E7A28F /* SceneDelegate.swift */; };
		DD6D1B8B2439754900E7A28F /* ViewController.swift in Sources */ = {isa = PBXBuildFile; fileRef = DD6D1B8A2439754900E7A28F /* ViewController.swift */; };
		DD6D1B8E2439754900E7A28F /* Main.storyboard in Resources */ = {isa = PBXBuildFile; fileRef = DD6D1B8C2439754900E7A28F /* Main.storyboard */; };
		DD6D1B902439754900E7A28F /* Assets.xcassets in Resources */ = {isa = PBXBuildFile; fileRef = DD6D1B8F2439754900E7A28F /* Assets.xcassets */; };
		DD6D1B932439754900E7A28F /* LaunchScreen.storyboard in Resources */ = {isa = PBXBuildFile; fileRef = DD6D1B912439754900E7A28F /* LaunchScreen.storyboard */; };
		DD6D1B9E2439754A00E7A28F /* Alamofire__Tests.swift in Sources */ = {isa = PBXBuildFile; fileRef = DD6D1B9D2439754A00E7A28F /* Alamofire__Tests.swift */; };
		DD6D1BA92439754A00E7A28F /* Alamofire__UITests.swift in Sources */ = {isa = PBXBuildFile; fileRef = DD6D1BA82439754A00E7A28F /* Alamofire__UITests.swift */; };
		DDEEEA392439799900AF3771 /* Pods_Alamofire学习.framework in Frameworks */ = {isa = PBXBuildFile; fileRef = DDEEEA382439799900AF3771 /* Pods_Alamofire学习.framework */; };
		DDEEEA3A2439799900AF3771 /* Pods_Alamofire学习.framework in Embed Frameworks */ = {isa = PBXBuildFile; fileRef = DDEEEA382439799900AF3771 /* Pods_Alamofire学习.framework */; settings = {ATTRIBUTES = (CodeSignOnCopy, RemoveHeadersOnCopy, ); }; };
		DDEEEA3D2439AA1B00AF3771 /* AlamofireObj.swift in Sources */ = {isa = PBXBuildFile; fileRef = DDEEEA3C2439AA1B00AF3771 /* AlamofireObj.swift */; };
		DDEEEA3F2439B6D300AF3771 /* TableCell.swift in Sources */ = {isa = PBXBuildFile; fileRef = DDEEEA3E2439B6D300AF3771 /* TableCell.swift */; };
/* End PBXBuildFile section */

/* Begin PBXContainerItemProxy section */
		DD6D1B9A2439754A00E7A28F /* PBXContainerItemProxy */ = {
			isa = PBXContainerItemProxy;
			containerPortal = DD6D1B7B2439754900E7A28F /* Project object */;
			proxyType = 1;
			remoteGlobalIDString = DD6D1B822439754900E7A28F;
			remoteInfo = "Alamofire学习";
		};
		DD6D1BA52439754A00E7A28F /* PBXContainerItemProxy */ = {
			isa = PBXContainerItemProxy;
			containerPortal = DD6D1B7B2439754900E7A28F /* Project object */;
			proxyType = 1;
			remoteGlobalIDString = DD6D1B822439754900E7A28F;
			remoteInfo = "Alamofire学习";
		};
/* End PBXContainerItemProxy section */

/* Begin PBXCopyFilesBuildPhase section */
		DDEEEA3B2439799900AF3771 /* Embed Frameworks */ = {
			isa = PBXCopyFilesBuildPhase;
			buildActionMask = 2147483647;
			dstPath = "";
			dstSubfolderSpec = 10;
			files = (
				DDEEEA3A2439799900AF3771 /* Pods_Alamofire学习.framework in Embed Frameworks */,
			);
			name = "Embed Frameworks";
			runOnlyForDeploymentPostprocessing = 0;
		};
/* End PBXCopyFilesBuildPhase section */

/* Begin PBXFileReference section */
		14F8242E83D8CF67AD1AAF70 /* Pods_Alamofire__Tests.framework */ = {isa = PBXFileReference; explicitFileType = wrapper.framework; includeInIndex = 0; path = Pods_Alamofire__Tests.framework; sourceTree = BUILT_PRODUCTS_DIR; };
		290DE32AE4CE78EF1ECCA3D5 /* Pods-Alamofire学习.release.xcconfig */ = {isa = PBXFileReference; includeInIndex = 1; lastKnownFileType = text.xcconfig; name = "Pods-Alamofire学习.release.xcconfig"; path = "Pods/Target Support Files/Pods-Alamofire学习/Pods-Alamofire学习.release.xcconfig"; sourceTree = "<group>"; };
		724026C4CE78D634FA24C70F /* Pods-Alamofire学习.debug.xcconfig */ = {isa = PBXFileReference; includeInIndex = 1; lastKnownFileType = text.xcconfig; name = "Pods-Alamofire学习.debug.xcconfig"; path = "Pods/Target Support Files/Pods-Alamofire学习/Pods-Alamofire学习.debug.xcconfig"; sourceTree = "<group>"; };
		730F8D22C4F6308AC984BC3C /* Pods-Alamofire学习UITests.release.xcconfig */ = {isa = PBXFileReference; includeInIndex = 1; lastKnownFileType = text.xcconfig; name = "Pods-Alamofire学习UITests.release.xcconfig"; path = "Pods/Target Support Files/Pods-Alamofire学习UITests/Pods-Alamofire学习UITests.release.xcconfig"; sourceTree = "<group>"; };
		8C12902DA38E260F0623FCC9 /* Pods-Alamofire学习Tests.release.xcconfig */ = {isa = PBXFileReference; includeInIndex = 1; lastKnownFileType = text.xcconfig; name = "Pods-Alamofire学习Tests.release.xcconfig"; path = "Pods/Target Support Files/Pods-Alamofire学习Tests/Pods-Alamofire学习Tests.release.xcconfig"; sourceTree = "<group>"; };
		8C282C117E6790CE060EC329 /* Pods-Alamofire学习UITests.debug.xcconfig */ = {isa = PBXFileReference; includeInIndex = 1; lastKnownFileType = text.xcconfig; name = "Pods-Alamofire学习UITests.debug.xcconfig"; path = "Pods/Target Support Files/Pods-Alamofire学习UITests/Pods-Alamofire学习UITests.debug.xcconfig"; sourceTree = "<group>"; };
		9F6CF4F45CCDA1B9EF9FA227 /* Pods-Alamofire学习Tests.debug.xcconfig */ = {isa = PBXFileReference; includeInIndex = 1; lastKnownFileType = text.xcconfig; name = "Pods-Alamofire学习Tests.debug.xcconfig"; path = "Pods/Target Support Files/Pods-Alamofire学习Tests/Pods-Alamofire学习Tests.debug.xcconfig"; sourceTree = "<group>"; };
		CF4D4F404EC18303060C4870 /* Pods_Alamofire__UITests.framework */ = {isa = PBXFileReference; explicitFileType = wrapper.framework; includeInIndex = 0; path = Pods_Alamofire__UITests.framework; sourceTree = BUILT_PRODUCTS_DIR; };
		D0A3F5F21A0A81855699D1EA /* Pods_Alamofire__.framework */ = {isa = PBXFileReference; explicitFileType = wrapper.framework; includeInIndex = 0; path = Pods_Alamofire__.framework; sourceTree = BUILT_PRODUCTS_DIR; };
		DD6D1B832439754900E7A28F /* Alamofire学习.app */ = {isa = PBXFileReference; explicitFileType = wrapper.application; includeInIndex = 0; path = "Alamofire学习.app"; sourceTree = BUILT_PRODUCTS_DIR; };
		DD6D1B862439754900E7A28F /* AppDelegate.swift */ = {isa = PBXFileReference; lastKnownFileType = sourcecode.swift; path = AppDelegate.swift; sourceTree = "<group>"; };
		DD6D1B882439754900E7A28F /* SceneDelegate.swift */ = {isa = PBXFileReference; lastKnownFileType = sourcecode.swift; path = SceneDelegate.swift; sourceTree = "<group>"; };
		DD6D1B8A2439754900E7A28F /* ViewController.swift */ = {isa = PBXFileReference; lastKnownFileType = sourcecode.swift; path = ViewController.swift; sourceTree = "<group>"; };
		DD6D1B8D2439754900E7A28F /* Base */ = {isa = PBXFileReference; lastKnownFileType = file.storyboard; name = Base; path = Base.lproj/Main.storyboard; sourceTree = "<group>"; };
		DD6D1B8F2439754900E7A28F /* Assets.xcassets */ = {isa = PBXFileReference; lastKnownFileType = folder.assetcatalog; path = Assets.xcassets; sourceTree = "<group>"; };
		DD6D1B922439754900E7A28F /* Base */ = {isa = PBXFileReference; lastKnownFileType = file.storyboard; name = Base; path = Base.lproj/LaunchScreen.storyboard; sourceTree = "<group>"; };
		DD6D1B942439754900E7A28F /* Info.plist */ = {isa = PBXFileReference; lastKnownFileType = text.plist.xml; path = Info.plist; sourceTree = "<group>"; };
		DD6D1B992439754A00E7A28F /* Alamofire学习Tests.xctest */ = {isa = PBXFileReference; explicitFileType = wrapper.cfbundle; includeInIndex = 0; path = "Alamofire学习Tests.xctest"; sourceTree = BUILT_PRODUCTS_DIR; };
		DD6D1B9D2439754A00E7A28F /* Alamofire__Tests.swift */ = {isa = PBXFileReference; lastKnownFileType = sourcecode.swift; path = Alamofire__Tests.swift; sourceTree = "<group>"; };
		DD6D1B9F2439754A00E7A28F /* Info.plist */ = {isa = PBXFileReference; lastKnownFileType = text.plist.xml; path = Info.plist; sourceTree = "<group>"; };
		DD6D1BA42439754A00E7A28F /* Alamofire学习UITests.xctest */ = {isa = PBXFileReference; explicitFileType = wrapper.cfbundle; includeInIndex = 0; path = "Alamofire学习UITests.xctest"; sourceTree = BUILT_PRODUCTS_DIR; };
		DD6D1BA82439754A00E7A28F /* Alamofire__UITests.swift */ = {isa = PBXFileReference; lastKnownFileType = sourcecode.swift; path = Alamofire__UITests.swift; sourceTree = "<group>"; };
		DD6D1BAA2439754A00E7A28F /* Info.plist */ = {isa = PBXFileReference; lastKnownFileType = text.plist.xml; path = Info.plist; sourceTree = "<group>"; };
		DDEEEA2E243978EE00AF3771 /* Alamofire.framework */ = {isa = PBXFileReference; explicitFileType = wrapper.framework; path = Alamofire.framework; sourceTree = BUILT_PRODUCTS_DIR; };
		DDEEEA322439790F00AF3771 /* Pods_Alamofire学习.framework */ = {isa = PBXFileReference; explicitFileType = wrapper.framework; path = "Pods_Alamofire学习.framework"; sourceTree = BUILT_PRODUCTS_DIR; };
		DDEEEA382439799900AF3771 /* Pods_Alamofire学习.framework */ = {isa = PBXFileReference; explicitFileType = wrapper.framework; path = "Pods_Alamofire学习.framework"; sourceTree = BUILT_PRODUCTS_DIR; };
		DDEEEA3C2439AA1B00AF3771 /* AlamofireObj.swift */ = {isa = PBXFileReference; lastKnownFileType = sourcecode.swift; path = AlamofireObj.swift; sourceTree = "<group>"; };
		DDEEEA3E2439B6D300AF3771 /* TableCell.swift */ = {isa = PBXFileReference; lastKnownFileType = sourcecode.swift; path = TableCell.swift; sourceTree = "<group>"; };
/* End PBXFileReference section */

/* Begin PBXFrameworksBuildPhase section */
		DD6D1B802439754900E7A28F /* Frameworks */ = {
			isa = PBXFrameworksBuildPhase;
			buildActionMask = 2147483647;
			files = (
				DDEEEA392439799900AF3771 /* Pods_Alamofire学习.framework in Frameworks */,
			);
			runOnlyForDeploymentPostprocessing = 0;
		};
		DD6D1B962439754A00E7A28F /* Frameworks */ = {
			isa = PBXFrameworksBuildPhase;
			buildActionMask = 2147483647;
			files = (
				D22CAC954A6DB6191D48B9F3 /* Pods_Alamofire__Tests.framework in Frameworks */,
			);
			runOnlyForDeploymentPostprocessing = 0;
		};
		DD6D1BA12439754A00E7A28F /* Frameworks */ = {
			isa = PBXFrameworksBuildPhase;
			buildActionMask = 2147483647;
			files = (
				24937414B6D5C62A06D0D3E8 /* Pods_Alamofire__UITests.framework in Frameworks */,
			);
			runOnlyForDeploymentPostprocessing = 0;
		};
/* End PBXFrameworksBuildPhase section */

/* Begin PBXGroup section */
		4BCDC55F7CD4F730FC6DEED4 /* Frameworks */ = {
			isa = PBXGroup;
			children = (
				DDEEEA382439799900AF3771 /* Pods_Alamofire学习.framework */,
				DDEEEA322439790F00AF3771 /* Pods_Alamofire学习.framework */,
				DDEEEA2E243978EE00AF3771 /* Alamofire.framework */,
				D0A3F5F21A0A81855699D1EA /* Pods_Alamofire__.framework */,
				14F8242E83D8CF67AD1AAF70 /* Pods_Alamofire__Tests.framework */,
				CF4D4F404EC18303060C4870 /* Pods_Alamofire__UITests.framework */,
			);
			name = Frameworks;
			sourceTree = "<group>";
		};
		B7CF9527A963597C7EF84F65 /* Pods */ = {
			isa = PBXGroup;
			children = (
				724026C4CE78D634FA24C70F /* Pods-Alamofire学习.debug.xcconfig */,
				290DE32AE4CE78EF1ECCA3D5 /* Pods-Alamofire学习.release.xcconfig */,
				9F6CF4F45CCDA1B9EF9FA227 /* Pods-Alamofire学习Tests.debug.xcconfig */,
				8C12902DA38E260F0623FCC9 /* Pods-Alamofire学习Tests.release.xcconfig */,
				8C282C117E6790CE060EC329 /* Pods-Alamofire学习UITests.debug.xcconfig */,
				730F8D22C4F6308AC984BC3C /* Pods-Alamofire学习UITests.release.xcconfig */,
			);
			name = Pods;
			sourceTree = "<group>";
		};
		DD6D1B7A2439754900E7A28F = {
			isa = PBXGroup;
			children = (
				DD6D1B852439754900E7A28F /* Alamofire学习 */,
				DD6D1B9C2439754A00E7A28F /* Alamofire学习Tests */,
				DD6D1BA72439754A00E7A28F /* Alamofire学习UITests */,
				DD6D1B842439754900E7A28F /* Products */,
				B7CF9527A963597C7EF84F65 /* Pods */,
				4BCDC55F7CD4F730FC6DEED4 /* Frameworks */,
			);
			sourceTree = "<group>";
		};
		DD6D1B842439754900E7A28F /* Products */ = {
			isa = PBXGroup;
			children = (
				DD6D1B832439754900E7A28F /* Alamofire学习.app */,
				DD6D1B992439754A00E7A28F /* Alamofire学习Tests.xctest */,
				DD6D1BA42439754A00E7A28F /* Alamofire学习UITests.xctest */,
			);
			name = Products;
			sourceTree = "<group>";
		};
		DD6D1B852439754900E7A28F /* Alamofire学习 */ = {
			isa = PBXGroup;
			children = (
				DD6D1B862439754900E7A28F /* AppDelegate.swift */,
				DD6D1B882439754900E7A28F /* SceneDelegate.swift */,
				DD6D1B8A2439754900E7A28F /* ViewController.swift */,
				DDEEEA3C2439AA1B00AF3771 /* AlamofireObj.swift */,
				DDEEEA3E2439B6D300AF3771 /* TableCell.swift */,
				DD6D1B8C2439754900E7A28F /* Main.storyboard */,
				DD6D1B8F2439754900E7A28F /* Assets.xcassets */,
				DD6D1B912439754900E7A28F /* LaunchScreen.storyboard */,
				DD6D1B942439754900E7A28F /* Info.plist */,
			);
			path = "Alamofire学习";
			sourceTree = "<group>";
		};
		DD6D1B9C2439754A00E7A28F /* Alamofire学习Tests */ = {
			isa = PBXGroup;
			children = (
				DD6D1B9D2439754A00E7A28F /* Alamofire__Tests.swift */,
				DD6D1B9F2439754A00E7A28F /* Info.plist */,
			);
			path = "Alamofire学习Tests";
			sourceTree = "<group>";
		};
		DD6D1BA72439754A00E7A28F /* Alamofire学习UITests */ = {
			isa = PBXGroup;
			children = (
				DD6D1BA82439754A00E7A28F /* Alamofire__UITests.swift */,
				DD6D1BAA2439754A00E7A28F /* Info.plist */,
			);
			path = "Alamofire学习UITests";
			sourceTree = "<group>";
		};
/* End PBXGroup section */

/* Begin PBXNativeTarget section */
		DD6D1B822439754900E7A28F /* Alamofire学习 */ = {
			isa = PBXNativeTarget;
			buildConfigurationList = DD6D1BAD2439754A00E7A28F /* Build configuration list for PBXNativeTarget "Alamofire学习" */;
			buildPhases = (
				FB9D73445D3B36E51FFA20CA /* [CP] Check Pods Manifest.lock */,
				DD6D1B7F2439754900E7A28F /* Sources */,
				DD6D1B802439754900E7A28F /* Frameworks */,
				DD6D1B812439754900E7A28F /* Resources */,
				1F84FFD30F867B470C9F4D28 /* [CP] Embed Pods Frameworks */,
				DDEEEA3B2439799900AF3771 /* Embed Frameworks */,
			);
			buildRules = (
			);
			dependencies = (
			);
			name = "Alamofire学习";
			productName = "Alamofire学习";
			productReference = DD6D1B832439754900E7A28F /* Alamofire学习.app */;
			productType = "com.apple.product-type.application";
		};
		DD6D1B982439754A00E7A28F /* Alamofire学习Tests */ = {
			isa = PBXNativeTarget;
			buildConfigurationList = DD6D1BB02439754A00E7A28F /* Build configuration list for PBXNativeTarget "Alamofire学习Tests" */;
			buildPhases = (
				0A2D12B7585B65C72A8C58CC /* [CP] Check Pods Manifest.lock */,
				DD6D1B952439754A00E7A28F /* Sources */,
				DD6D1B962439754A00E7A28F /* Frameworks */,
				DD6D1B972439754A00E7A28F /* Resources */,
			);
			buildRules = (
			);
			dependencies = (
				DD6D1B9B2439754A00E7A28F /* PBXTargetDependency */,
			);
			name = "Alamofire学习Tests";
			productName = "Alamofire学习Tests";
			productReference = DD6D1B992439754A00E7A28F /* Alamofire学习Tests.xctest */;
			productType = "com.apple.product-type.bundle.unit-test";
		};
		DD6D1BA32439754A00E7A28F /* Alamofire学习UITests */ = {
			isa = PBXNativeTarget;
			buildConfigurationList = DD6D1BB32439754A00E7A28F /* Build configuration list for PBXNativeTarget "Alamofire学习UITests" */;
			buildPhases = (
				4C82D1BBBB36BFCE8CC11B27 /* [CP] Check Pods Manifest.lock */,
				DD6D1BA02439754A00E7A28F /* Sources */,
				DD6D1BA12439754A00E7A28F /* Frameworks */,
				DD6D1BA22439754A00E7A28F /* Resources */,
			);
			buildRules = (
			);
			dependencies = (
				DD6D1BA62439754A00E7A28F /* PBXTargetDependency */,
			);
			name = "Alamofire学习UITests";
			productName = "Alamofire学习UITests";
			productReference = DD6D1BA42439754A00E7A28F /* Alamofire学习UITests.xctest */;
			productType = "com.apple.product-type.bundle.ui-testing";
		};
/* End PBXNativeTarget section */

/* Begin PBXProject section */
		DD6D1B7B2439754900E7A28F /* Project object */ = {
			isa = PBXProject;
			attributes = {
				LastSwiftUpdateCheck = 1130;
				LastUpgradeCheck = 1130;
				ORGANIZATIONNAME = "飞翔";
				TargetAttributes = {
					DD6D1B822439754900E7A28F = {
						CreatedOnToolsVersion = 11.3;
					};
					DD6D1B982439754A00E7A28F = {
						CreatedOnToolsVersion = 11.3;
						TestTargetID = DD6D1B822439754900E7A28F;
					};
					DD6D1BA32439754A00E7A28F = {
						CreatedOnToolsVersion = 11.3;
						TestTargetID = DD6D1B822439754900E7A28F;
					};
				};
			};
			buildConfigurationList = DD6D1B7E2439754900E7A28F /* Build configuration list for PBXProject "Alamofire学习" */;
			compatibilityVersion = "Xcode 9.3";
			developmentRegion = en;
			hasScannedForEncodings = 0;
			knownRegions = (
				en,
				Base,
			);
			mainGroup = DD6D1B7A2439754900E7A28F;
			productRefGroup = DD6D1B842439754900E7A28F /* Products */;
			projectDirPath = "";
			projectRoot = "";
			targets = (
				DD6D1B822439754900E7A28F /* Alamofire学习 */,
				DD6D1B982439754A00E7A28F /* Alamofire学习Tests */,
				DD6D1BA32439754A00E7A28F /* Alamofire学习UITests */,
			);
		};
/* End PBXProject section */

/* Begin PBXResourcesBuildPhase section */
		DD6D1B812439754900E7A28F /* Resources */ = {
			isa = PBXResourcesBuildPhase;
			buildActionMask = 2147483647;
			files = (
				DD6D1B932439754900E7A28F /* LaunchScreen.storyboard in Resources */,
				DD6D1B902439754900E7A28F /* Assets.xcassets in Resources */,
				DD6D1B8E2439754900E7A28F /* Main.storyboard in Resources */,
			);
			runOnlyForDeploymentPostprocessing = 0;
		};
		DD6D1B972439754A00E7A28F /* Resources */ = {
			isa = PBXResourcesBuildPhase;
			buildActionMask = 2147483647;
			files = (
			);
			runOnlyForDeploymentPostprocessing = 0;
		};
		DD6D1BA22439754A00E7A28F /* Resources */ = {
			isa = PBXResourcesBuildPhase;
			buildActionMask = 2147483647;
			files = (
			);
			runOnlyForDeploymentPostprocessing = 0;
		};
/* End PBXResourcesBuildPhase section */

/* Begin PBXShellScriptBuildPhase section */
		0A2D12B7585B65C72A8C58CC /* [CP] Check Pods Manifest.lock */ = {
			isa = PBXShellScriptBuildPhase;
			buildActionMask = 2147483647;
			files = (
			);
			inputFileListPaths = (
			);
			inputPaths = (
				"${PODS_PODFILE_DIR_PATH}/Podfile.lock",
				"${PODS_ROOT}/Manifest.lock",
			);
			name = "[CP] Check Pods Manifest.lock";
			outputFileListPaths = (
			);
			outputPaths = (
				"$(DERIVED_FILE_DIR)/Pods-Alamofire学习Tests-checkManifestLockResult.txt",
			);
			runOnlyForDeploymentPostprocessing = 0;
			shellPath = /bin/sh;
			shellScript = "diff \"${PODS_PODFILE_DIR_PATH}/Podfile.lock\" \"${PODS_ROOT}/Manifest.lock\" > /dev/null\nif [ $? != 0 ] ; then\n    # print error to STDERR\n    echo \"error: The sandbox is not in sync with the Podfile.lock. Run 'pod install' or update your CocoaPods installation.\" >&2\n    exit 1\nfi\n# This output is used by Xcode 'outputs' to avoid re-running this script phase.\necho \"SUCCESS\" > \"${SCRIPT_OUTPUT_FILE_0}\"\n";
			showEnvVarsInLog = 0;
		};
		1F84FFD30F867B470C9F4D28 /* [CP] Embed Pods Frameworks */ = {
			isa = PBXShellScriptBuildPhase;
			buildActionMask = 2147483647;
			files = (
			);
			inputFileListPaths = (
			);
			inputPaths = (
				"${SRCROOT}/Pods/Target Support Files/Pods-Alamofire学习/Pods-Alamofire学习-frameworks.sh",
				"${BUILT_PRODUCTS_DIR}/Alamofire/Alamofire.framework",
				"${BUILT_PRODUCTS_DIR}/MJRefresh/MJRefresh.framework",
				"${BUILT_PRODUCTS_DIR}/SnapKit/SnapKit.framework",
				"${BUILT_PRODUCTS_DIR}/SwiftyJSON/SwiftyJSON.framework",
			);
			name = "[CP] Embed Pods Frameworks";
			outputFileListPaths = (
			);
			outputPaths = (
				"${TARGET_BUILD_DIR}/${FRAMEWORKS_FOLDER_PATH}/Alamofire.framework",
				"${TARGET_BUILD_DIR}/${FRAMEWORKS_FOLDER_PATH}/MJRefresh.framework",
				"${TARGET_BUILD_DIR}/${FRAMEWORKS_FOLDER_PATH}/SnapKit.framework",
				"${TARGET_BUILD_DIR}/${FRAMEWORKS_FOLDER_PATH}/SwiftyJSON.framework",
			);
			runOnlyForDeploymentPostprocessing = 0;
			shellPath = /bin/sh;
			shellScript = "\"${SRCROOT}/Pods/Target Support Files/Pods-Alamofire学习/Pods-Alamofire学习-frameworks.sh\"\n";
			showEnvVarsInLog = 0;
		};
		4C82D1BBBB36BFCE8CC11B27 /* [CP] Check Pods Manifest.lock */ = {
			isa = PBXShellScriptBuildPhase;
			buildActionMask = 2147483647;
			files = (
			);
			inputFileListPaths = (
			);
			inputPaths = (
				"${PODS_PODFILE_DIR_PATH}/Podfile.lock",
				"${PODS_ROOT}/Manifest.lock",
			);
			name = "[CP] Check Pods Manifest.lock";
			outputFileListPaths = (
			);
			outputPaths = (
				"$(DERIVED_FILE_DIR)/Pods-Alamofire学习UITests-checkManifestLockResult.txt",
			);
			runOnlyForDeploymentPostprocessing = 0;
			shellPath = /bin/sh;
			shellScript = "diff \"${PODS_PODFILE_DIR_PATH}/Podfile.lock\" \"${PODS_ROOT}/Manifest.lock\" > /dev/null\nif [ $? != 0 ] ; then\n    # print error to STDERR\n    echo \"error: The sandbox is not in sync with the Podfile.lock. Run 'pod install' or update your CocoaPods installation.\" >&2\n    exit 1\nfi\n# This output is used by Xcode 'outputs' to avoid re-running this script phase.\necho \"SUCCESS\" > \"${SCRIPT_OUTPUT_FILE_0}\"\n";
			showEnvVarsInLog = 0;
		};
		FB9D73445D3B36E51FFA20CA /* [CP] Check Pods Manifest.lock */ = {
			isa = PBXShellScriptBuildPhase;
			buildActionMask = 2147483647;
			files = (
			);
			inputFileListPaths = (
			);
			inputPaths = (
				"${PODS_PODFILE_DIR_PATH}/Podfile.lock",
				"${PODS_ROOT}/Manifest.lock",
			);
			name = "[CP] Check Pods Manifest.lock";
			outputFileListPaths = (
			);
			outputPaths = (
				"$(DERIVED_FILE_DIR)/Pods-Alamofire学习-checkManifestLockResult.txt",
			);
			runOnlyForDeploymentPostprocessing = 0;
			shellPath = /bin/sh;
			shellScript = "diff \"${PODS_PODFILE_DIR_PATH}/Podfile.lock\" \"${PODS_ROOT}/Manifest.lock\" > /dev/null\nif [ $? != 0 ] ; then\n    # print error to STDERR\n    echo \"error: The sandbox is not in sync with the Podfile.lock. Run 'pod install' or update your CocoaPods installation.\" >&2\n    exit 1\nfi\n# This output is used by Xcode 'outputs' to avoid re-running this script phase.\necho \"SUCCESS\" > \"${SCRIPT_OUTPUT_FILE_0}\"\n";
			showEnvVarsInLog = 0;
		};
/* End PBXShellScriptBuildPhase section */

/* Begin PBXSourcesBuildPhase section */
		DD6D1B7F2439754900E7A28F /* Sources */ = {
			isa = PBXSourcesBuildPhase;
			buildActionMask = 2147483647;
			files = (
				DDEEEA3F2439B6D300AF3771 /* TableCell.swift in Sources */,
				DDEEEA3D2439AA1B00AF3771 /* AlamofireObj.swift in Sources */,
				DD6D1B8B2439754900E7A28F /* ViewController.swift in Sources */,
				DD6D1B872439754900E7A28F /* AppDelegate.swift in Sources */,
				DD6D1B892439754900E7A28F /* SceneDelegate.swift in Sources */,
			);
			runOnlyForDeploymentPostprocessing = 0;
		};
		DD6D1B952439754A00E7A28F /* Sources */ = {
			isa = PBXSourcesBuildPhase;
			buildActionMask = 2147483647;
			files = (
				DD6D1B9E2439754A00E7A28F /* Alamofire__Tests.swift in Sources */,
			);
			runOnlyForDeploymentPostprocessing = 0;
		};
		DD6D1BA02439754A00E7A28F /* Sources */ = {
			isa = PBXSourcesBuildPhase;
			buildActionMask = 2147483647;
			files = (
				DD6D1BA92439754A00E7A28F /* Alamofire__UITests.swift in Sources */,
			);
			runOnlyForDeploymentPostprocessing = 0;
		};
/* End PBXSourcesBuildPhase section */

/* Begin PBXTargetDependency section */
		DD6D1B9B2439754A00E7A28F /* PBXTargetDependency */ = {
			isa = PBXTargetDependency;
			target = DD6D1B822439754900E7A28F /* Alamofire学习 */;
			targetProxy = DD6D1B9A2439754A00E7A28F /* PBXContainerItemProxy */;
		};
		DD6D1BA62439754A00E7A28F /* PBXTargetDependency */ = {
			isa = PBXTargetDependency;
			target = DD6D1B822439754900E7A28F /* Alamofire学习 */;
			targetProxy = DD6D1BA52439754A00E7A28F /* PBXContainerItemProxy */;
		};
/* End PBXTargetDependency section */

/* Begin PBXVariantGroup section */
		DD6D1B8C2439754900E7A28F /* Main.storyboard */ = {
			isa = PBXVariantGroup;
			children = (
				DD6D1B8D2439754900E7A28F /* Base */,
			);
			name = Main.storyboard;
			sourceTree = "<group>";
		};
		DD6D1B912439754900E7A28F /* LaunchScreen.storyboard */ = {
			isa = PBXVariantGroup;
			children = (
				DD6D1B922439754900E7A28F /* Base */,
			);
			name = LaunchScreen.storyboard;
			sourceTree = "<group>";
		};
/* End PBXVariantGroup section */

/* Begin XCBuildConfiguration section */
		DD6D1BAB2439754A00E7A28F /* Debug */ = {
			isa = XCBuildConfiguration;
			buildSettings = {
				ALWAYS_SEARCH_USER_PATHS = NO;
				CLANG_ANALYZER_NONNULL = YES;
				CLANG_ANALYZER_NUMBER_OBJECT_CONVERSION = YES_AGGRESSIVE;
				CLANG_CXX_LANGUAGE_STANDARD = "gnu++14";
				CLANG_CXX_LIBRARY = "libc++";
				CLANG_ENABLE_MODULES = YES;
				CLANG_ENABLE_OBJC_ARC = YES;
				CLANG_ENABLE_OBJC_WEAK = YES;
				CLANG_WARN_BLOCK_CAPTURE_AUTORELEASING = YES;
				CLANG_WARN_BOOL_CONVERSION = YES;
				CLANG_WARN_COMMA = YES;
				CLANG_WARN_CONSTANT_CONVERSION = YES;
				CLANG_WARN_DEPRECATED_OBJC_IMPLEMENTATIONS = YES;
				CLANG_WARN_DIRECT_OBJC_ISA_USAGE = YES_ERROR;
				CLANG_WARN_DOCUMENTATION_COMMENTS = YES;
				CLANG_WARN_EMPTY_BODY = YES;
				CLANG_WARN_ENUM_CONVERSION = YES;
				CLANG_WARN_INFINITE_RECURSION = YES;
				CLANG_WARN_INT_CONVERSION = YES;
				CLANG_WARN_NON_LITERAL_NULL_CONVERSION = YES;
				CLANG_WARN_OBJC_IMPLICIT_RETAIN_SELF = YES;
				CLANG_WARN_OBJC_LITERAL_CONVERSION = YES;
				CLANG_WARN_OBJC_ROOT_CLASS = YES_ERROR;
				CLANG_WARN_RANGE_LOOP_ANALYSIS = YES;
				CLANG_WARN_STRICT_PROTOTYPES = YES;
				CLANG_WARN_SUSPICIOUS_MOVE = YES;
				CLANG_WARN_UNGUARDED_AVAILABILITY = YES_AGGRESSIVE;
				CLANG_WARN_UNREACHABLE_CODE = YES;
				CLANG_WARN__DUPLICATE_METHOD_MATCH = YES;
				COPY_PHASE_STRIP = NO;
				DEBUG_INFORMATION_FORMAT = dwarf;
				ENABLE_STRICT_OBJC_MSGSEND = YES;
				ENABLE_TESTABILITY = YES;
				GCC_C_LANGUAGE_STANDARD = gnu11;
				GCC_DYNAMIC_NO_PIC = NO;
				GCC_NO_COMMON_BLOCKS = YES;
				GCC_OPTIMIZATION_LEVEL = 0;
				GCC_PREPROCESSOR_DEFINITIONS = (
					"DEBUG=1",
					"$(inherited)",
				);
				GCC_WARN_64_TO_32_BIT_CONVERSION = YES;
				GCC_WARN_ABOUT_RETURN_TYPE = YES_ERROR;
				GCC_WARN_UNDECLARED_SELECTOR = YES;
				GCC_WARN_UNINITIALIZED_AUTOS = YES_AGGRESSIVE;
				GCC_WARN_UNUSED_FUNCTION = YES;
				GCC_WARN_UNUSED_VARIABLE = YES;
				IPHONEOS_DEPLOYMENT_TARGET = 13.2;
				MTL_ENABLE_DEBUG_INFO = INCLUDE_SOURCE;
				MTL_FAST_MATH = YES;
				ONLY_ACTIVE_ARCH = YES;
				SDKROOT = iphoneos;
				SWIFT_ACTIVE_COMPILATION_CONDITIONS = DEBUG;
				SWIFT_OPTIMIZATION_LEVEL = "-Onone";
			};
			name = Debug;
		};
		DD6D1BAC2439754A00E7A28F /* Release */ = {
			isa = XCBuildConfiguration;
			buildSettings = {
				ALWAYS_SEARCH_USER_PATHS = NO;
				CLANG_ANALYZER_NONNULL = YES;
				CLANG_ANALYZER_NUMBER_OBJECT_CONVERSION = YES_AGGRESSIVE;
				CLANG_CXX_LANGUAGE_STANDARD = "gnu++14";
				CLANG_CXX_LIBRARY = "libc++";
				CLANG_ENABLE_MODULES = YES;
				CLANG_ENABLE_OBJC_ARC = YES;
				CLANG_ENABLE_OBJC_WEAK = YES;
				CLANG_WARN_BLOCK_CAPTURE_AUTORELEASING = YES;
				CLANG_WARN_BOOL_CONVERSION = YES;
				CLANG_WARN_COMMA = YES;
				CLANG_WARN_CONSTANT_CONVERSION = YES;
				CLANG_WARN_DEPRECATED_OBJC_IMPLEMENTATIONS = YES;
				CLANG_WARN_DIRECT_OBJC_ISA_USAGE = YES_ERROR;
				CLANG_WARN_DOCUMENTATION_COMMENTS = YES;
				CLANG_WARN_EMPTY_BODY = YES;
				CLANG_WARN_ENUM_CONVERSION = YES;
				CLANG_WARN_INFINITE_RECURSION = YES;
				CLANG_WARN_INT_CONVERSION = YES;
				CLANG_WARN_NON_LITERAL_NULL_CONVERSION = YES;
				CLANG_WARN_OBJC_IMPLICIT_RETAIN_SELF = YES;
				CLANG_WARN_OBJC_LITERAL_CONVERSION = YES;
				CLANG_WARN_OBJC_ROOT_CLASS = YES_ERROR;
				CLANG_WARN_RANGE_LOOP_ANALYSIS = YES;
				CLANG_WARN_STRICT_PROTOTYPES = YES;
				CLANG_WARN_SUSPICIOUS_MOVE = YES;
				CLANG_WARN_UNGUARDED_AVAILABILITY = YES_AGGRESSIVE;
				CLANG_WARN_UNREACHABLE_CODE = YES;
				CLANG_WARN__DUPLICATE_METHOD_MATCH = YES;
				COPY_PHASE_STRIP = NO;
				DEBUG_INFORMATION_FORMAT = "dwarf-with-dsym";
				ENABLE_NS_ASSERTIONS = NO;
				ENABLE_STRICT_OBJC_MSGSEND = YES;
				GCC_C_LANGUAGE_STANDARD = gnu11;
				GCC_NO_COMMON_BLOCKS = YES;
				GCC_WARN_64_TO_32_BIT_CONVERSION = YES;
				GCC_WARN_ABOUT_RETURN_TYPE = YES_ERROR;
				GCC_WARN_UNDECLARED_SELECTOR = YES;
				GCC_WARN_UNINITIALIZED_AUTOS = YES_AGGRESSIVE;
				GCC_WARN_UNUSED_FUNCTION = YES;
				GCC_WARN_UNUSED_VARIABLE = YES;
				IPHONEOS_DEPLOYMENT_TARGET = 13.2;
				MTL_ENABLE_DEBUG_INFO = NO;
				MTL_FAST_MATH = YES;
				SDKROOT = iphoneos;
				SWIFT_COMPILATION_MODE = wholemodule;
				SWIFT_OPTIMIZATION_LEVEL = "-O";
				VALIDATE_PRODUCT = YES;
			};
			name = Release;
		};
		DD6D1BAE2439754A00E7A28F /* Debug */ = {
			isa = XCBuildConfiguration;
			baseConfigurationReference = 724026C4CE78D634FA24C70F /* Pods-Alamofire学习.debug.xcconfig */;
			buildSettings = {
				ASSETCATALOG_COMPILER_APPICON_NAME = AppIcon;
				CODE_SIGN_STYLE = Automatic;
				DEVELOPMENT_TEAM = 568NMX9NVM;
				INFOPLIST_FILE = "Alamofire学习/Info.plist";
				LD_RUNPATH_SEARCH_PATHS = (
					"$(inherited)",
					"@executable_path/Frameworks",
				);
				PRODUCT_BUNDLE_IDENTIFIER = "--.Alamofire--";
				PRODUCT_NAME = "$(TARGET_NAME)";
				SWIFT_VERSION = 5.0;
				TARGETED_DEVICE_FAMILY = "1,2";
			};
			name = Debug;
		};
		DD6D1BAF2439754A00E7A28F /* Release */ = {
			isa = XCBuildConfiguration;
			baseConfigurationReference = 290DE32AE4CE78EF1ECCA3D5 /* Pods-Alamofire学习.release.xcconfig */;
			buildSettings = {
				ASSETCATALOG_COMPILER_APPICON_NAME = AppIcon;
				CODE_SIGN_STYLE = Automatic;
				DEVELOPMENT_TEAM = 568NMX9NVM;
				INFOPLIST_FILE = "Alamofire学习/Info.plist";
				LD_RUNPATH_SEARCH_PATHS = (
					"$(inherited)",
					"@executable_path/Frameworks",
				);
				PRODUCT_BUNDLE_IDENTIFIER = "--.Alamofire--";
				PRODUCT_NAME = "$(TARGET_NAME)";
				SWIFT_VERSION = 5.0;
				TARGETED_DEVICE_FAMILY = "1,2";
			};
			name = Release;
		};
		DD6D1BB12439754A00E7A28F /* Debug */ = {
			isa = XCBuildConfiguration;
			baseConfigurationReference = 9F6CF4F45CCDA1B9EF9FA227 /* Pods-Alamofire学习Tests.debug.xcconfig */;
			buildSettings = {
				ALWAYS_EMBED_SWIFT_STANDARD_LIBRARIES = YES;
				BUNDLE_LOADER = "$(TEST_HOST)";
				CODE_SIGN_STYLE = Automatic;
				DEVELOPMENT_TEAM = 568NMX9NVM;
				INFOPLIST_FILE = "Alamofire学习Tests/Info.plist";
				IPHONEOS_DEPLOYMENT_TARGET = 13.2;
				LD_RUNPATH_SEARCH_PATHS = (
					"$(inherited)",
					"@executable_path/Frameworks",
					"@loader_path/Frameworks",
				);
				PRODUCT_BUNDLE_IDENTIFIER = "--.Alamofire--Tests";
				PRODUCT_NAME = "$(TARGET_NAME)";
				SWIFT_VERSION = 5.0;
				TARGETED_DEVICE_FAMILY = "1,2";
				TEST_HOST = "$(BUILT_PRODUCTS_DIR)/Alamofire学习.app/Alamofire学习";
			};
			name = Debug;
		};
		DD6D1BB22439754A00E7A28F /* Release */ = {
			isa = XCBuildConfiguration;
			baseConfigurationReference = 8C12902DA38E260F0623FCC9 /* Pods-Alamofire学习Tests.release.xcconfig */;
			buildSettings = {
				ALWAYS_EMBED_SWIFT_STANDARD_LIBRARIES = YES;
				BUNDLE_LOADER = "$(TEST_HOST)";
				CODE_SIGN_STYLE = Automatic;
				DEVELOPMENT_TEAM = 568NMX9NVM;
				INFOPLIST_FILE = "Alamofire学习Tests/Info.plist";
				IPHONEOS_DEPLOYMENT_TARGET = 13.2;
				LD_RUNPATH_SEARCH_PATHS = (
					"$(inherited)",
					"@executable_path/Frameworks",
					"@loader_path/Frameworks",
				);
				PRODUCT_BUNDLE_IDENTIFIER = "--.Alamofire--Tests";
				PRODUCT_NAME = "$(TARGET_NAME)";
				SWIFT_VERSION = 5.0;
				TARGETED_DEVICE_FAMILY = "1,2";
				TEST_HOST = "$(BUILT_PRODUCTS_DIR)/Alamofire学习.app/Alamofire学习";
			};
			name = Release;
		};
		DD6D1BB42439754A00E7A28F /* Debug */ = {
			isa = XCBuildConfiguration;
			baseConfigurationReference = 8C282C117E6790CE060EC329 /* Pods-Alamofire学习UITests.debug.xcconfig */;
			buildSettings = {
				ALWAYS_EMBED_SWIFT_STANDARD_LIBRARIES = YES;
				CODE_SIGN_STYLE = Automatic;
				DEVELOPMENT_TEAM = 568NMX9NVM;
				INFOPLIST_FILE = "Alamofire学习UITests/Info.plist";
				LD_RUNPATH_SEARCH_PATHS = (
					"$(inherited)",
					"@executable_path/Frameworks",
					"@loader_path/Frameworks",
				);
				PRODUCT_BUNDLE_IDENTIFIER = "--.Alamofire--UITests";
				PRODUCT_NAME = "$(TARGET_NAME)";
				SWIFT_VERSION = 5.0;
				TARGETED_DEVICE_FAMILY = "1,2";
				TEST_TARGET_NAME = "Alamofire学习";
			};
			name = Debug;
		};
		DD6D1BB52439754A00E7A28F /* Release */ = {
			isa = XCBuildConfiguration;
			baseConfigurationReference = 730F8D22C4F6308AC984BC3C /* Pods-Alamofire学习UITests.release.xcconfig */;
			buildSettings = {
				ALWAYS_EMBED_SWIFT_STANDARD_LIBRARIES = YES;
				CODE_SIGN_STYLE = Automatic;
				DEVELOPMENT_TEAM = 568NMX9NVM;
				INFOPLIST_FILE = "Alamofire学习UITests/Info.plist";
				LD_RUNPATH_SEARCH_PATHS = (
					"$(inherited)",
					"@executable_path/Frameworks",
					"@loader_path/Frameworks",
				);
				PRODUCT_BUNDLE_IDENTIFIER = "--.Alamofire--UITests";
				PRODUCT_NAME = "$(TARGET_NAME)";
				SWIFT_VERSION = 5.0;
				TARGETED_DEVICE_FAMILY = "1,2";
				TEST_TARGET_NAME = "Alamofire学习";
			};
			name = Release;
		};
/* End XCBuildConfiguration section */

/* Begin XCConfigurationList section */
		DD6D1B7E2439754900E7A28F /* Build configuration list for PBXProject "Alamofire学习" */ = {
			isa = XCConfigurationList;
			buildConfigurations = (
				DD6D1BAB2439754A00E7A28F /* Debug */,
				DD6D1BAC2439754A00E7A28F /* Release */,
			);
			defaultConfigurationIsVisible = 0;
			defaultConfigurationName = Release;
		};
		DD6D1BAD2439754A00E7A28F /* Build configuration list for PBXNativeTarget "Alamofire学习" */ = {
			isa = XCConfigurationList;
			buildConfigurations = (
				DD6D1BAE2439754A00E7A28F /* Debug */,
				DD6D1BAF2439754A00E7A28F /* Release */,
			);
			defaultConfigurationIsVisible = 0;
			defaultConfigurationName = Release;
		};
		DD6D1BB02439754A00E7A28F /* Build configuration list for PBXNativeTarget "Alamofire学习Tests" */ = {
			isa = XCConfigurationList;
			buildConfigurations = (
				DD6D1BB12439754A00E7A28F /* Debug */,
				DD6D1BB22439754A00E7A28F /* Release */,
			);
			defaultConfigurationIsVisible = 0;
			defaultConfigurationName = Release;
		};
		DD6D1BB32439754A00E7A28F /* Build configuration list for PBXNativeTarget "Alamofire学习UITests" */ = {
			isa = XCConfigurationList;
			buildConfigurations = (
				DD6D1BB42439754A00E7A28F /* Debug */,
				DD6D1BB52439754A00E7A28F /* Release */,
			);
			defaultConfigurationIsVisible = 0;
			defaultConfigurationName = Release;
		};
/* End XCConfigurationList section */
	};
	rootObject = DD6D1B7B2439754900E7A28F /* Project object */;
}
